%{
  "cerlc": {:hex, :cerlc, "0.2.1", "cfe0880aa049ebcca079ca49578055aa48e7f2e9ed8ae08bd1f919d59015d03f", [:rebar3], [], "hexpm", "37f0d74a4277dcbaf64c7c47e9953dcc8060d26d86bb466ab2a86928e0181a7d"},
  "circuits_i2c": {:hex, :circuits_i2c, "1.0.0", "0b9c686ff5075f9364209fef62f6b5162eeb41a0061571f52f02637b40ca37fe", [:make, :mix], [{:elixir_make, "~> 0.6", [hex: :elixir_make, repo: "hexpm", optional: false]}], "hexpm", "f80efc49235e7819b9ea8e82c7dbd5e2523c65d8e3d4f46f89dfd43217a3f4f7"},
  "elixir_make": {:hex, :elixir_make, "0.6.3", "bc07d53221216838d79e03a8019d0839786703129599e9619f4ab74c8c096eac", [:mix], [], "hexpm", "f5cbd651c5678bcaabdbb7857658ee106b12509cd976c2c2fca99688e1daf716"},
}
